// !$*UTF8*$!
{
	archiveVersion = 1;
	classes = {
	};
	objectVersion = 46;
	objects = {

/* Begin PBXBuildFile section */
		347E9CCD1CD69923004DC999 /* AppDelegate.swift in Sources */ = {isa = PBXBuildFile; fileRef = 347E9CCC1CD69923004DC999 /* AppDelegate.swift */; };
		347E9CCF1CD69923004DC999 /* ViewController.swift in Sources */ = {isa = PBXBuildFile; fileRef = 347E9CCE1CD69923004DC999 /* ViewController.swift */; };
		347E9CD21CD69923004DC999 /* Main.storyboard in Resources */ = {isa = PBXBuildFile; fileRef = 347E9CD01CD69923004DC999 /* Main.storyboard */; };
		347E9CD41CD69923004DC999 /* Assets.xcassets in Resources */ = {isa = PBXBuildFile; fileRef = 347E9CD31CD69923004DC999 /* Assets.xcassets */; };
		347E9CD71CD69923004DC999 /* LaunchScreen.storyboard in Resources */ = {isa = PBXBuildFile; fileRef = 347E9CD51CD69923004DC999 /* LaunchScreen.storyboard */; };
/* End PBXBuildFile section */

/* Begin PBXFileReference section */
		347E9CC91CD69923004DC999 /* MYOA.app */ = {isa = PBXFileReference; explicitFileType = wrapper.application; includeInIndex = 0; path = MYOA.app; sourceTree = BUILT_PRODUCTS_DIR; };
		347E9CCC1CD69923004DC999 /* AppDelegate.swift */ = {isa = PBXFileReference; lastKnownFileType = sourcecode.swift; path = AppDelegate.swift; sourceTree = "<group>"; };
		347E9CCE1CD69923004DC999 /* ViewController.swift */ = {isa = PBXFileReference; lastKnownFileType = sourcecode.swift; path = ViewController.swift; sourceTree = "<group>"; };
		347E9CD11CD69923004DC999 /* Base */ = {isa = PBXFileReference; lastKnownFileType = file.storyboard; name = Base; path = Base.lproj/Main.storyboard; sourceTree = "<group>"; };
		347E9CD31CD69923004DC999 /* Assets.xcassets */ = {isa = PBXFileReference; lastKnownFileType = folder.assetcatalog; path = Assets.xcassets; sourceTree = "<group>"; };
		347E9CD61CD69923004DC999 /* Base */ = {isa = PBXFileReference; lastKnownFileType = file.storyboard; name = Base; path = Base.lproj/LaunchScreen.storyboard; sourceTree = "<group>"; };
		347E9CD81CD69923004DC999 /* Info.plist */ = {isa = PBXFileReference; lastKnownFileType = text.plist.xml; path = Info.plist; sourceTree = "<group>"; };
/* End PBXFileReference section */

/* Begin PBXFrameworksBuildPhase section */
		347E9CC61CD69923004DC999 /* Frameworks */ = {
			isa = PBXFrameworksBuildPhase;
			buildActionMask = 2147483647;
			files = (
			);
			runOnlyForDeploymentPostprocessing = 0;
		};
/* End PBXFrameworksBuildPhase section */

/* Begin PBXGroup section */
		347E9CC01CD69923004DC999 = {
			isa = PBXGroup;
			children = (
				347E9CCB1CD69923004DC999 /* MYOA */,
				347E9CCA1CD69923004DC999 /* Products */,
			);
			sourceTree = "<group>";
		};
		347E9CCA1CD69923004DC999 /* Products */ = {
			isa = PBXGroup;
			children = (
				347E9CC91CD69923004DC999 /* MYOA.app */,
			);
			name = Products;
			sourceTree = "<group>";
		};
		347E9CCB1CD69923004DC999 /* MYOA */ = {
			isa = PBXGroup;
			children = (
				347E9CCC1CD69923004DC999 /* AppDelegate.swift */,
				347E9CCE1CD69923004DC999 /* ViewController.swift */,
				347E9CD01CD69923004DC999 /* Main.storyboard */,
				347E9CD31CD69923004DC999 /* Assets.xcassets */,
				347E9CD51CD69923004DC999 /* LaunchScreen.storyboard */,
				347E9CD81CD69923004DC999 /* Info.plist */,
			);
			path = MYOA;
			sourceTree = "<group>";
		};
/* End PBXGroup section */

/* Begin PBXNativeTarget section */
		347E9CC81CD69923004DC999 /* MYOA */ = {
			isa = PBXNativeTarget;
			buildConfigurationList = 347E9CDB1CD69923004DC999 /* Build configuration list for PBXNativeTarget "MYOA" */;
			buildPhases = (
				347E9CC51CD69923004DC999 /* Sources */,
				347E9CC61CD69923004DC999 /* Frameworks */,
				347E9CC71CD69923004DC999 /* Resources */,
			);
			buildRules = (
			);
			dependencies = (
			);
			name = MYOA;
			productName = MYOA;
			productReference = 347E9CC91CD69923004DC999 /* MYOA.app */;
			productType = "com.apple.product-type.application";
		};
/* End PBXNativeTarget section */

/* Begin PBXProject section */
		347E9CC11CD69923004DC999 /* Project object */ = {
			isa = PBXProject;
			attributes = {
				LastSwiftUpdateCheck = 0730;
				LastUpgradeCheck = 0730;
				ORGANIZATIONNAME = "Compete Co-op Networks";
				TargetAttributes = {
					347E9CC81CD69923004DC999 = {
						CreatedOnToolsVersion = 7.3;
					};
				};
			};
			buildConfigurationList = 347E9CC41CD69923004DC999 /* Build configuration list for PBXProject "MYOA" */;
			compatibilityVersion = "Xcode 3.2";
			developmentRegion = English;
			hasScannedForEncodings = 0;
			knownRegions = (
				en,
				Base,
			);
			mainGroup = 347E9CC01CD69923004DC999;
			productRefGroup = 347E9CCA1CD69923004DC999 /* Products */;
			projectDirPath = "";
			projectRoot = "";
			targets = (
				347E9CC81CD69923004DC999 /* MYOA */,
			);
		};
/* End PBXProject section */

/* Begin PBXResourcesBuildPhase section */
		347E9CC71CD69923004DC999 /* Resources */ = {
			isa = PBXResourcesBuildPhase;
			buildActionMask = 2147483647;
			files = (
				347E9CD71CD69923004DC999 /* LaunchScreen.storyboard in Resources */,
				347E9CD41CD69923004DC999 /* Assets.xcassets in Resources */,
				347E9CD21CD69923004DC999 /* Main.storyboard in Resources */,
			);
			runOnlyForDeploymentPostprocessing = 0;
		};
/* End PBXResourcesBuildPhase section */

/* Begin PBXSourcesBuildPhase section */
		347E9CC51CD69923004DC999 /* Sources */ = {
			isa = PBXSourcesBuildPhase;
			buildActionMask = 2147483647;
			files = (
				347E9CCF1CD69923004DC999 /* ViewController.swift in Sources */,
				347E9CCD1CD69923004DC999 /* AppDelegate.swift in Sources */,
			);
			runOnlyForDeploymentPostprocessing = 0;
		};
/* End PBXSourcesBuildPhase section */

/* Begin PBXVariantGroup section */
		347E9CD01CD69923004DC999 /* Main.storyboard */ = {
			isa = PBXVariantGroup;
			children = (
				347E9CD11CD69923004DC999 /* Base */,
			);
			name = Main.storyboard;
			sourceTree = "<group>";
		};
		347E9CD51CD69923004DC999 /* LaunchScreen.storyboard */ = {
			isa = PBXVariantGroup;
			children = (
				347E9CD61CD69923004DC999 /* Base */,
			);
			name = LaunchScreen.storyboard;
			sourceTree = "<group>";
		};
/* End PBXVariantGroup section */

/* Begin XCBuildConfiguration section */
		347E9CD91CD69923004DC999 /* Debug */ = {
			isa = XCBuildConfiguration;
			buildSettings = {
				ALWAYS_SEARCH_USER_PATHS = NO;
				CLANG_ANALYZER_NONNULL = YES;
				CLANG_CXX_LANGUAGE_STANDARD = "gnu++0x";
				CLANG_CXX_LIBRARY = "libc++";
				CLANG_ENABLE_MODULES = YES;
				CLANG_ENABLE_OBJC_ARC = YES;
				CLANG_WARN_BOOL_CONVERSION = YES;
				CLANG_WARN_CONSTANT_CONVERSION = YES;
				CLANG_WARN_DIRECT_OBJC_ISA_USAGE = YES_ERROR;
				CLANG_WARN_EMPTY_BODY = YES;
				CLANG_WARN_ENUM_CONVERSION = YES;
				CLANG_WARN_INT_CONVERSION = YES;
				CLANG_WARN_OBJC_ROOT_CLASS = YES_ERROR;
				CLANG_WARN_UNREACHABLE_CODE = YES;
				CLANG_WARN__DUPLICATE_METHOD_MATCH = YES;
				"CODE_SIGN_IDENTITY[sdk=iphoneos*]" = "iPhone Developer";
				COPY_PHASE_STRIP = NO;
				DEBUG_INFORMATION_FORMAT = dwarf;
				ENABLE_STRICT_OBJC_MSGSEND = YES;
				ENABLE_TESTABILITY = YES;
				GCC_C_LANGUAGE_STANDARD = gnu99;
				GCC_DYNAMIC_NO_PIC = NO;
				GCC_NO_COMMON_BLOCKS = YES;
				GCC_OPTIMIZATION_LEVEL = 0;
				GCC_PREPROCESSOR_DEFINITIONS = (
					"DEBUG=1",
					"$(inherited)",
				);
				GCC_WARN_64_TO_32_BIT_CONVERSION = YES;
				GCC_WARN_ABOUT_RETURN_TYPE = YES_ERROR;
				GCC_WARN_UNDECLARED_SELECTOR = YES;
				GCC_WARN_UNINITIALIZED_AUTOS = YES_AGGRESSIVE;
				GCC_WARN_UNUSED_FUNCTION = YES;
				GCC_WARN_UNUSED_VARIABLE = YES;
				IPHONEOS_DEPLOYMENT_TARGET = 9.3;
				MTL_ENABLE_DEBUG_INFO = YES;
				ONLY_ACTIVE_ARCH = YES;
				SDKROOT = iphoneos;
				SWIFT_OPTIMIZATION_LEVEL = "-Onone";
			};
			name = Debug;
		};
		347E9CDA1CD69923004DC999 /* Release */ = {
			isa = XCBuildConfiguration;
			buildSettings = {
				ALWAYS_SEARCH_USER_PATHS = NO;
				CLANG_ANALYZER_NONNULL = YES;
				CLANG_CXX_LANGUAGE_STANDARD = "gnu++0x";
				CLANG_CXX_LIBRARY = "libc++";
				CLANG_ENABLE_MODULES = YES;
				CLANG_ENABLE_OBJC_ARC = YES;
				CLANG_WARN_BOOL_CONVERSION = YES;
				CLANG_WARN_CONSTANT_CONVERSION = YES;
				CLANG_WARN_DIRECT_OBJC_ISA_USAGE = YES_ERROR;
				CLANG_WARN_EMPTY_BODY = YES;
				CLANG_WARN_ENUM_CONVERSION = YES;
				CLANG_WARN_INT_CONVERSION = YES;
				CLANG_WARN_OBJC_ROOT_CLASS = YES_ERROR;
				CLANG_WARN_UNREACHABLE_CODE = YES;
				CLANG_WARN__DUPLICATE_METHOD_MATCH = YES;
				"CODE_SIGN_IDENTITY[sdk=iphoneos*]" = "iPhone Developer";
				COPY_PHASE_STRIP = NO;
				DEBUG_INFORMATION_FORMAT = "dwarf-with-dsym";
				ENABLE_NS_ASSERTIONS = NO;
				ENABLE_STRICT_OBJC_MSGSEND = YES;
				GCC_C_LANGUAGE_STANDARD = gnu99;
				GCC_NO_COMMON_BLOCKS = YES;
				GCC_WARN_64_TO_32_BIT_CONVERSION = YES;
				GCC_WARN_ABOUT_RETURN_TYPE = YES_ERROR;
				GCC_WARN_UNDECLARED_SELECTOR = YES;
				GCC_WARN_UNINITIALIZED_AUTOS = YES_AGGRESSIVE;
				GCC_WARN_UNUSED_FUNCTION = YES;
				GCC_WARN_UNUSED_VARIABLE = YES;
				IPHONEOS_DEPLOYMENT_TARGET = 9.3;
				MTL_ENABLE_DEBUG_INFO = NO;
				SDKROOT = iphoneos;
				VALIDATE_PRODUCT = YES;
			};
			name = Release;
		};
		347E9CDC1CD69923004DC999 /* Debug */ = {
			isa = XCBuildConfiguration;
			buildSettings = {
				ASSETCATALOG_COMPILER_APPICON_NAME = AppIcon;
				INFOPLIST_FILE = MYOA/Info.plist;
				LD_RUNPATH_SEARCH_PATHS = "$(inherited) @executable_path/Frameworks";
				PRODUCT_BUNDLE_IDENTIFIER = com.competecoop.MYOA;
				PRODUCT_NAME = "$(TARGET_NAME)";
			};
			name = Debug;
		};
		347E9CDD1CD69923004DC999 /* Release */ = {
			isa = XCBuildConfiguration;
			buildSettings = {
				ASSETCATALOG_COMPILER_APPICON_NAME = AppIcon;
				INFOPLIST_FILE = MYOA/Info.plist;
				LD_RUNPATH_SEARCH_PATHS = "$(inherited) @executable_path/Frameworks";
				PRODUCT_BUNDLE_IDENTIFIER = com.competecoop.MYOA;
				PRODUCT_NAME = "$(TARGET_NAME)";
			};
			name = Release;
		};
/* End XCBuildConfiguration section */

/* Begin XCConfigurationList section */
		347E9CC41CD69923004DC999 /* Build configuration list for PBXProject "MYOA" */ = {
			isa = XCConfigurationList;
			buildConfigurations = (
				347E9CD91CD69923004DC999 /* Debug */,
				347E9CDA1CD69923004DC999 /* Release */,
			);
			defaultConfigurationIsVisible = 0;
			defaultConfigurationName = Release;
		};
		347E9CDB1CD69923004DC999 /* Build configuration list for PBXNativeTarget "MYOA" */ = {
			isa = XCConfigurationList;
			buildConfigurations = (
				347E9CDC1CD69923004DC999 /* Debug */,
				347E9CDD1CD69923004DC999 /* Release */,
			);
			defaultConfigurationIsVisible = 0;
		};
/* End XCConfigurationList section */
	};
	rootObject = 347E9CC11CD69923004DC999 /* Project object */;
}
